# This file is automatically @generated by Cargo.
# It is not intended for manual editing.
[[package]]
name = "libcli"
version = "0.3.7"
source = "registry+https://github.com/rust-lang/crates.io-index"
checksum = "b0e33df8c8f0745b8851fc54203c5e06370194f50e1153d2c10214f6b70253d9"

[[package]]
name = "rswatch"
version = "0.1.2"
dependencies = [
 "libcli",
]
