# This file is automatically @generated by Cargo.
# It is not intended for manual editing.
[[package]]
name = "libcli"
version = "0.3.6"
source = "registry+https://github.com/rust-lang/crates.io-index"
checksum = "47eddb904504e5676fb04577b7313a7482cc0c39a3a50643dc7c8b4774fdf669"

[[package]]
name = "rswatch"
version = "0.1.1"
dependencies = [
 "libcli",
]
