# This file is automatically @generated by Cargo.
# It is not intended for manual editing.
[[package]]
name = "libcli"
version = "0.3.5"
source = "registry+https://github.com/rust-lang/crates.io-index"
checksum = "479a6dbf5223e31194c39e33f3e43f7bcbfd0dcb43011dc75b6cc353626465ce"

[[package]]
name = "watch"
version = "0.1.0"
dependencies = [
 "libcli",
]
